
Microsoft Visual Studio Solution File, Format Version 12.00
# Visual Studio 14
VisualStudioVersion = 14.0.25123.0
MinimumVisualStudioVersion = 10.0.40219.1
Project("{FAE04EC0-301F-11D3-BF4B-00C04F79EFBC}") = "FluentMigrator.Assertions", "FluentMigrator.Assertions\FluentMigrator.Assertions.csproj", "{00B1DD9C-002E-44D2-A163-6053182BBFC9}"
EndProject
Project("{FAE04EC0-301F-11D3-BF4B-00C04F79EFBC}") = "FluentMigrator.Assertions.Tests", "FluentMigrator.Assertions.Tests\FluentMigrator.Assertions.Tests.csproj", "{B79D3020-B71B-401D-99E4-CE336E9205B8}"
EndProject
Global
	GlobalSection(SolutionConfigurationPlatforms) = preSolution
		Debug|Any CPU = Debug|Any CPU
		Release|Any CPU = Release|Any CPU
	EndGlobalSection
	GlobalSection(ProjectConfigurationPlatforms) = postSolution
		{00B1DD9C-002E-44D2-A163-6053182BBFC9}.Debug|Any CPU.ActiveCfg = Debug|Any CPU
		{00B1DD9C-002E-44D2-A163-6053182BBFC9}.Debug|Any CPU.Build.0 = Debug|Any CPU
		{00B1DD9C-002E-44D2-A163-6053182BBFC9}.Release|Any CPU.ActiveCfg = Release|Any CPU
		{00B1DD9C-002E-44D2-A163-6053182BBFC9}.Release|Any CPU.Build.0 = Release|Any CPU
		{B79D3020-B71B-401D-99E4-CE336E9205B8}.Debug|Any CPU.ActiveCfg = Debug|Any CPU
		{B79D3020-B71B-401D-99E4-CE336E9205B8}.Debug|Any CPU.Build.0 = Debug|Any CPU
		{B79D3020-B71B-401D-99E4-CE336E9205B8}.Release|Any CPU.ActiveCfg = Release|Any CPU
		{B79D3020-B71B-401D-99E4-CE336E9205B8}.Release|Any CPU.Build.0 = Release|Any CPU
	EndGlobalSection
	GlobalSection(SolutionProperties) = preSolution
		HideSolutionNode = FALSE
	EndGlobalSection
EndGlobal
